
Microsoft Visual Studio Solution File, Format Version 12.00
# Visual Studio Version 17
VisualStudioVersion = 17.10.35027.167
MinimumVisualStudioVersion = 10.0.40219.1
Project("{FAE04EC0-301F-11D3-BF4B-00C04F79EFBC}") = "BusinessWebAPI", "BusinessWebAPI\BusinessWebAPI.csproj", "{B8C4916F-C378-43AA-8759-1FE53FB0387E}"
EndProject
Project("{FAE04EC0-301F-11D3-BF4B-00C04F79EFBC}") = "SimpleClient", "SimpleClient\SimpleClient.csproj", "{BD0C081D-B44D-4B33-B900-EFEDF01F1313}"
EndProject
Project("{FAE04EC0-301F-11D3-BF4B-00C04F79EFBC}") = "ServerWebAPI", "ServerWebAPI\ServerWebAPI.csproj", "{3FB7EF5E-56D2-4C9F-902A-55DCBD1A40DD}"
EndProject
Global
	GlobalSection(SolutionConfigurationPlatforms) = preSolution
		Debug|Any CPU = Debug|Any CPU
		Release|Any CPU = Release|Any CPU
	EndGlobalSection
	GlobalSection(ProjectConfigurationPlatforms) = postSolution
		{B8C4916F-C378-43AA-8759-1FE53FB0387E}.Debug|Any CPU.ActiveCfg = Debug|Any CPU
		{B8C4916F-C378-43AA-8759-1FE53FB0387E}.Debug|Any CPU.Build.0 = Debug|Any CPU
		{B8C4916F-C378-43AA-8759-1FE53FB0387E}.Release|Any CPU.ActiveCfg = Release|Any CPU
		{B8C4916F-C378-43AA-8759-1FE53FB0387E}.Release|Any CPU.Build.0 = Release|Any CPU
		{BD0C081D-B44D-4B33-B900-EFEDF01F1313}.Debug|Any CPU.ActiveCfg = Debug|Any CPU
		{BD0C081D-B44D-4B33-B900-EFEDF01F1313}.Debug|Any CPU.Build.0 = Debug|Any CPU
		{BD0C081D-B44D-4B33-B900-EFEDF01F1313}.Release|Any CPU.ActiveCfg = Release|Any CPU
		{BD0C081D-B44D-4B33-B900-EFEDF01F1313}.Release|Any CPU.Build.0 = Release|Any CPU
		{3FB7EF5E-56D2-4C9F-902A-55DCBD1A40DD}.Debug|Any CPU.ActiveCfg = Debug|Any CPU
		{3FB7EF5E-56D2-4C9F-902A-55DCBD1A40DD}.Debug|Any CPU.Build.0 = Debug|Any CPU
		{3FB7EF5E-56D2-4C9F-902A-55DCBD1A40DD}.Release|Any CPU.ActiveCfg = Release|Any CPU
		{3FB7EF5E-56D2-4C9F-902A-55DCBD1A40DD}.Release|Any CPU.Build.0 = Release|Any CPU
	EndGlobalSection
	GlobalSection(SolutionProperties) = preSolution
		HideSolutionNode = FALSE
	EndGlobalSection
	GlobalSection(ExtensibilityGlobals) = postSolution
		SolutionGuid = {DA71D339-F702-4C7E-9492-7E0C9F6AC4B1}
	EndGlobalSection
EndGlobal
